
Microsoft Visual Studio Solution File, Format Version 12.00
# Visual Studio Version 16
VisualStudioVersion = 16.0.28922.388
MinimumVisualStudioVersion = 10.0.40219.1
Project("{FAE04EC0-301F-11D3-BF4B-00C04F79EFBC}") = "BackLibreria", "BackLibreria\BackLibreria.csproj", "{D1DF4BAB-4FFC-4996-845A-567903C99B7E}"
EndProject
Project("{FAE04EC0-301F-11D3-BF4B-00C04F79EFBC}") = "DAL", "DAL\DAL.csproj", "{4E84E73E-AEFD-42DD-9EF8-F453A60F07F2}"
EndProject
Project("{FAE04EC0-301F-11D3-BF4B-00C04F79EFBC}") = "BE", "BE\BE.csproj", "{C56C8E36-B390-46E8-BDC0-D7AEC6B522EB}"
EndProject
Project("{FAE04EC0-301F-11D3-BF4B-00C04F79EFBC}") = "BLL", "BLL\BLL.csproj", "{FFA22922-2152-4035-AC36-451081AC8C93}"
EndProject
Global
	GlobalSection(SolutionConfigurationPlatforms) = preSolution
		Debug|Any CPU = Debug|Any CPU
		Release|Any CPU = Release|Any CPU
	EndGlobalSection
	GlobalSection(ProjectConfigurationPlatforms) = postSolution
		{D1DF4BAB-4FFC-4996-845A-567903C99B7E}.Debug|Any CPU.ActiveCfg = Debug|Any CPU
		{D1DF4BAB-4FFC-4996-845A-567903C99B7E}.Debug|Any CPU.Build.0 = Debug|Any CPU
		{D1DF4BAB-4FFC-4996-845A-567903C99B7E}.Release|Any CPU.ActiveCfg = Release|Any CPU
		{D1DF4BAB-4FFC-4996-845A-567903C99B7E}.Release|Any CPU.Build.0 = Release|Any CPU
		{4E84E73E-AEFD-42DD-9EF8-F453A60F07F2}.Debug|Any CPU.ActiveCfg = Debug|Any CPU
		{4E84E73E-AEFD-42DD-9EF8-F453A60F07F2}.Debug|Any CPU.Build.0 = Debug|Any CPU
		{4E84E73E-AEFD-42DD-9EF8-F453A60F07F2}.Release|Any CPU.ActiveCfg = Release|Any CPU
		{4E84E73E-AEFD-42DD-9EF8-F453A60F07F2}.Release|Any CPU.Build.0 = Release|Any CPU
		{C56C8E36-B390-46E8-BDC0-D7AEC6B522EB}.Debug|Any CPU.ActiveCfg = Debug|Any CPU
		{C56C8E36-B390-46E8-BDC0-D7AEC6B522EB}.Debug|Any CPU.Build.0 = Debug|Any CPU
		{C56C8E36-B390-46E8-BDC0-D7AEC6B522EB}.Release|Any CPU.ActiveCfg = Release|Any CPU
		{C56C8E36-B390-46E8-BDC0-D7AEC6B522EB}.Release|Any CPU.Build.0 = Release|Any CPU
		{FFA22922-2152-4035-AC36-451081AC8C93}.Debug|Any CPU.ActiveCfg = Debug|Any CPU
		{FFA22922-2152-4035-AC36-451081AC8C93}.Debug|Any CPU.Build.0 = Debug|Any CPU
		{FFA22922-2152-4035-AC36-451081AC8C93}.Release|Any CPU.ActiveCfg = Release|Any CPU
		{FFA22922-2152-4035-AC36-451081AC8C93}.Release|Any CPU.Build.0 = Release|Any CPU
	EndGlobalSection
	GlobalSection(SolutionProperties) = preSolution
		HideSolutionNode = FALSE
	EndGlobalSection
	GlobalSection(ExtensibilityGlobals) = postSolution
		SolutionGuid = {813ADDEC-4F00-4642-825F-7AB073CC09C5}
	EndGlobalSection
EndGlobal
